// !$*UTF8*$!
{
	archiveVersion = 1;
	classes = {
	};
	objectVersion = 77;
	objects = {

/* Begin PBXContainerItemProxy section */
		AD6DA5F12F7CDA8D00C09B12 /* PBXContainerItemProxy */ = {
			isa = PBXContainerItemProxy;
			containerPortal = AD6DA5D92F7CDA8A00C09B12 /* Project object */;
			proxyType = 1;
			remoteGlobalIDString = AD6DA5E02F7CDA8A00C09B12;
			remoteInfo = MovieListingApp;
		};
		AD6DA5FB2F7CDA8D00C09B12 /* PBXContainerItemProxy */ = {
			isa = PBXContainerItemProxy;
			containerPortal = AD6DA5D92F7CDA8A00C09B12 /* Project object */;
			proxyType = 1;
			remoteGlobalIDString = AD6DA5E02F7CDA8A00C09B12;
			remoteInfo = MovieListingApp;
		};
/* End PBXContainerItemProxy section */

/* Begin PBXFileReference section */
		AD6DA5E12F7CDA8A00C09B12 /* MovieListingApp.app */ = {isa = PBXFileReference; explicitFileType = wrapper.application; includeInIndex = 0; path = MovieListingApp.app; sourceTree = BUILT_PRODUCTS_DIR; };
		AD6DA5F02F7CDA8D00C09B12 /* MovieListingAppTests.xctest */ = {isa = PBXFileReference; explicitFileType = wrapper.cfbundle; includeInIndex = 0; path = MovieListingAppTests.xctest; sourceTree = BUILT_PRODUCTS_DIR; };
		AD6DA5FA2F7CDA8D00C09B12 /* MovieListingAppUITests.xctest */ = {isa = PBXFileReference; explicitFileType = wrapper.cfbundle; includeInIndex = 0; path = MovieListingAppUITests.xctest; sourceTree = BUILT_PRODUCTS_DIR; };
/* End PBXFileReference section */

/* Begin PBXFileSystemSynchronizedRootGroup section */
		AD6DA5E32F7CDA8A00C09B12 /* MovieListingApp */ = {
			isa = PBXFileSystemSynchronizedRootGroup;
			path = MovieListingApp;
			sourceTree = "<group>";
		};
		AD6DA5F32F7CDA8D00C09B12 /* MovieListingAppTests */ = {
			isa = PBXFileSystemSynchronizedRootGroup;
			path = MovieListingAppTests;
			sourceTree = "<group>";
		};
		AD6DA5FD2F7CDA8D00C09B12 /* MovieListingAppUITests */ = {
			isa = PBXFileSystemSynchronizedRootGroup;
			path = MovieListingAppUITests;
			sourceTree = "<group>";
		};
/* End PBXFileSystemSynchronizedRootGroup section */

/* Begin PBXFrameworksBuildPhase section */
		AD6DA5DE2F7CDA8A00C09B12 /* Frameworks */ = {
			isa = PBXFrameworksBuildPhase;
			buildActionMask = 2147483647;
			files = (
			);
			runOnlyForDeploymentPostprocessing = 0;
		};
		AD6DA5ED2F7CDA8D00C09B12 /* Frameworks */ = {
			isa = PBXFrameworksBuildPhase;
			buildActionMask = 2147483647;
			files = (
			);
			runOnlyForDeploymentPostprocessing = 0;
		};
		AD6DA5F72F7CDA8D00C09B12 /* Frameworks */ = {
			isa = PBXFrameworksBuildPhase;
			buildActionMask = 2147483647;
			files = (
			);
			runOnlyForDeploymentPostprocessing = 0;
		};
/* End PBXFrameworksBuildPhase section */

/* Begin PBXGroup section */
		AD6DA5D82F7CDA8A00C09B12 = {
			isa = PBXGroup;
			children = (
				AD6DA5E32F7CDA8A00C09B12 /* MovieListingApp */,
				AD6DA5F32F7CDA8D00C09B12 /* MovieListingAppTests */,
				AD6DA5FD2F7CDA8D00C09B12 /* MovieListingAppUITests */,
				AD6DA5E22F7CDA8A00C09B12 /* Products */,
			);
			sourceTree = "<group>";
		};
		AD6DA5E22F7CDA8A00C09B12 /* Products */ = {
			isa = PBXGroup;
			children = (
				AD6DA5E12F7CDA8A00C09B12 /* MovieListingApp.app */,
				AD6DA5F02F7CDA8D00C09B12 /* MovieListingAppTests.xctest */,
				AD6DA5FA2F7CDA8D00C09B12 /* MovieListingAppUITests.xctest */,
			);
			name = Products;
			sourceTree = "<group>";
		};
/* End PBXGroup section */

/* Begin PBXNativeTarget section */
		AD6DA5E02F7CDA8A00C09B12 /* MovieListingApp */ = {
			isa = PBXNativeTarget;
			buildConfigurationList = AD6DA6042F7CDA8D00C09B12 /* Build configuration list for PBXNativeTarget "MovieListingApp" */;
			buildPhases = (
				AD6DA5DD2F7CDA8A00C09B12 /* Sources */,
				AD6DA5DE2F7CDA8A00C09B12 /* Frameworks */,
				AD6DA5DF2F7CDA8A00C09B12 /* Resources */,
			);
			buildRules = (
			);
			dependencies = (
			);
			fileSystemSynchronizedGroups = (
				AD6DA5E32F7CDA8A00C09B12 /* MovieListingApp */,
			);
			name = MovieListingApp;
			packageProductDependencies = (
			);
			productName = MovieListingApp;
			productReference = AD6DA5E12F7CDA8A00C09B12 /* MovieListingApp.app */;
			productType = "com.apple.product-type.application";
		};
		AD6DA5EF2F7CDA8D00C09B12 /* MovieListingAppTests */ = {
			isa = PBXNativeTarget;
			buildConfigurationList = AD6DA6072F7CDA8D00C09B12 /* Build configuration list for PBXNativeTarget "MovieListingAppTests" */;
			buildPhases = (
				AD6DA5EC2F7CDA8D00C09B12 /* Sources */,
				AD6DA5ED2F7CDA8D00C09B12 /* Frameworks */,
				AD6DA5EE2F7CDA8D00C09B12 /* Resources */,
			);
			buildRules = (
			);
			dependencies = (
				AD6DA5F22F7CDA8D00C09B12 /* PBXTargetDependency */,
			);
			fileSystemSynchronizedGroups = (
				AD6DA5F32F7CDA8D00C09B12 /* MovieListingAppTests */,
			);
			name = MovieListingAppTests;
			packageProductDependencies = (
			);
			productName = MovieListingAppTests;
			productReference = AD6DA5F02F7CDA8D00C09B12 /* MovieListingAppTests.xctest */;
			productType = "com.apple.product-type.bundle.unit-test";
		};
		AD6DA5F92F7CDA8D00C09B12 /* MovieListingAppUITests */ = {
			isa = PBXNativeTarget;
			buildConfigurationList = AD6DA60A2F7CDA8D00C09B12 /* Build configuration list for PBXNativeTarget "MovieListingAppUITests" */;
			buildPhases = (
				AD6DA5F62F7CDA8D00C09B12 /* Sources */,
				AD6DA5F72F7CDA8D00C09B12 /* Frameworks */,
				AD6DA5F82F7CDA8D00C09B12 /* Resources */,
			);
			buildRules = (
			);
			dependencies = (
				AD6DA5FC2F7CDA8D00C09B12 /* PBXTargetDependency */,
			);
			fileSystemSynchronizedGroups = (
				AD6DA5FD2F7CDA8D00C09B12 /* MovieListingAppUITests */,
			);
			name = MovieListingAppUITests;
			packageProductDependencies = (
			);
			productName = MovieListingAppUITests;
			productReference = AD6DA5FA2F7CDA8D00C09B12 /* MovieListingAppUITests.xctest */;
			productType = "com.apple.product-type.bundle.ui-testing";
		};
/* End PBXNativeTarget section */

/* Begin PBXProject section */
		AD6DA5D92F7CDA8A00C09B12 /* Project object */ = {
			isa = PBXProject;
			attributes = {
				BuildIndependentTargetsInParallel = 1;
				LastSwiftUpdateCheck = 2630;
				LastUpgradeCheck = 2630;
				TargetAttributes = {
					AD6DA5E02F7CDA8A00C09B12 = {
						CreatedOnToolsVersion = 26.3;
					};
					AD6DA5EF2F7CDA8D00C09B12 = {
						CreatedOnToolsVersion = 26.3;
						TestTargetID = AD6DA5E02F7CDA8A00C09B12;
					};
					AD6DA5F92F7CDA8D00C09B12 = {
						CreatedOnToolsVersion = 26.3;
						TestTargetID = AD6DA5E02F7CDA8A00C09B12;
					};
				};
			};
			buildConfigurationList = AD6DA5DC2F7CDA8A00C09B12 /* Build configuration list for PBXProject "MovieListingApp" */;
			developmentRegion = en;
			hasScannedForEncodings = 0;
			knownRegions = (
				en,
				Base,
			);
			mainGroup = AD6DA5D82F7CDA8A00C09B12;
			minimizedProjectReferenceProxies = 1;
			preferredProjectObjectVersion = 77;
			productRefGroup = AD6DA5E22F7CDA8A00C09B12 /* Products */;
			projectDirPath = "";
			projectRoot = "";
			targets = (
				AD6DA5E02F7CDA8A00C09B12 /* MovieListingApp */,
				AD6DA5EF2F7CDA8D00C09B12 /* MovieListingAppTests */,
				AD6DA5F92F7CDA8D00C09B12 /* MovieListingAppUITests */,
			);
		};
/* End PBXProject section */

/* Begin PBXResourcesBuildPhase section */
		AD6DA5DF2F7CDA8A00C09B12 /* Resources */ = {
			isa = PBXResourcesBuildPhase;
			buildActionMask = 2147483647;
			files = (
			);
			runOnlyForDeploymentPostprocessing = 0;
		};
		AD6DA5EE2F7CDA8D00C09B12 /* Resources */ = {
			isa = PBXResourcesBuildPhase;
			buildActionMask = 2147483647;
			files = (
			);
			runOnlyForDeploymentPostprocessing = 0;
		};
		AD6DA5F82F7CDA8D00C09B12 /* Resources */ = {
			isa = PBXResourcesBuildPhase;
			buildActionMask = 2147483647;
			files = (
			);
			runOnlyForDeploymentPostprocessing = 0;
		};
/* End PBXResourcesBuildPhase section */

/* Begin PBXSourcesBuildPhase section */
		AD6DA5DD2F7CDA8A00C09B12 /* Sources */ = {
			isa = PBXSourcesBuildPhase;
			buildActionMask = 2147483647;
			files = (
			);
			runOnlyForDeploymentPostprocessing = 0;
		};
		AD6DA5EC2F7CDA8D00C09B12 /* Sources */ = {
			isa = PBXSourcesBuildPhase;
			buildActionMask = 2147483647;
			files = (
			);
			runOnlyForDeploymentPostprocessing = 0;
		};
		AD6DA5F62F7CDA8D00C09B12 /* Sources */ = {
			isa = PBXSourcesBuildPhase;
			buildActionMask = 2147483647;
			files = (
			);
			runOnlyForDeploymentPostprocessing = 0;
		};
/* End PBXSourcesBuildPhase section */

/* Begin PBXTargetDependency section */
		AD6DA5F22F7CDA8D00C09B12 /* PBXTargetDependency */ = {
			isa = PBXTargetDependency;
			target = AD6DA5E02F7CDA8A00C09B12 /* MovieListingApp */;
			targetProxy = AD6DA5F12F7CDA8D00C09B12 /* PBXContainerItemProxy */;
		};
		AD6DA5FC2F7CDA8D00C09B12 /* PBXTargetDependency */ = {
			isa = PBXTargetDependency;
			target = AD6DA5E02F7CDA8A00C09B12 /* MovieListingApp */;
			targetProxy = AD6DA5FB2F7CDA8D00C09B12 /* PBXContainerItemProxy */;
		};
/* End PBXTargetDependency section */

/* Begin XCBuildConfiguration section */
		AD6DA6022F7CDA8D00C09B12 /* Debug */ = {
			isa = XCBuildConfiguration;
			buildSettings = {
				ALWAYS_SEARCH_USER_PATHS = NO;
				ASSETCATALOG_COMPILER_GENERATE_SWIFT_ASSET_SYMBOL_EXTENSIONS = YES;
				CLANG_ANALYZER_NONNULL = YES;
				CLANG_ANALYZER_NUMBER_OBJECT_CONVERSION = YES_AGGRESSIVE;
				CLANG_CXX_LANGUAGE_STANDARD = "gnu++20";
				CLANG_ENABLE_MODULES = YES;
				CLANG_ENABLE_OBJC_ARC = YES;
				CLANG_ENABLE_OBJC_WEAK = YES;
				CLANG_WARN_BLOCK_CAPTURE_AUTORELEASING = YES;
				CLANG_WARN_BOOL_CONVERSION = YES;
				CLANG_WARN_COMMA = YES;
				CLANG_WARN_CONSTANT_CONVERSION = YES;
				CLANG_WARN_DEPRECATED_OBJC_IMPLEMENTATIONS = YES;
				CLANG_WARN_DIRECT_OBJC_ISA_USAGE = YES_ERROR;
				CLANG_WARN_DOCUMENTATION_COMMENTS = YES;
				CLANG_WARN_EMPTY_BODY = YES;
				CLANG_WARN_ENUM_CONVERSION = YES;
				CLANG_WARN_INFINITE_RECURSION = YES;
				CLANG_WARN_INT_CONVERSION = YES;
				CLANG_WARN_NON_LITERAL_NULL_CONVERSION = YES;
				CLANG_WARN_OBJC_IMPLICIT_RETAIN_SELF = YES;
				CLANG_WARN_OBJC_LITERAL_CONVERSION = YES;
				CLANG_WARN_OBJC_ROOT_CLASS = YES_ERROR;
				CLANG_WARN_QUOTED_INCLUDE_IN_FRAMEWORK_HEADER = YES;
				CLANG_WARN_RANGE_LOOP_ANALYSIS = YES;
				CLANG_WARN_STRICT_PROTOTYPES = YES;
				CLANG_WARN_SUSPICIOUS_MOVE = YES;
				CLANG_WARN_UNGUARDED_AVAILABILITY = YES_AGGRESSIVE;
				CLANG_WARN_UNREACHABLE_CODE = YES;
				CLANG_WARN__DUPLICATE_METHOD_MATCH = YES;
				COPY_PHASE_STRIP = NO;
				DEBUG_INFORMATION_FORMAT = dwarf;
				DEVELOPMENT_TEAM = 4WX75BP838;
				ENABLE_STRICT_OBJC_MSGSEND = YES;
				ENABLE_TESTABILITY = YES;
				ENABLE_USER_SCRIPT_SANDBOXING = YES;
				GCC_C_LANGUAGE_STANDARD = gnu17;
				GCC_DYNAMIC_NO_PIC = NO;
				GCC_NO_COMMON_BLOCKS = YES;
				GCC_OPTIMIZATION_LEVEL = 0;
				GCC_PREPROCESSOR_DEFINITIONS = (
					"DEBUG=1",
					"$(inherited)",
				);
				GCC_WARN_64_TO_32_BIT_CONVERSION = YES;
				GCC_WARN_ABOUT_RETURN_TYPE = YES_ERROR;
				GCC_WARN_UNDECLARED_SELECTOR = YES;
				GCC_WARN_UNINITIALIZED_AUTOS = YES_AGGRESSIVE;
				GCC_WARN_UNUSED_FUNCTION = YES;
				GCC_WARN_UNUSED_VARIABLE = YES;
				IPHONEOS_DEPLOYMENT_TARGET = 26.2;
				LOCALIZATION_PREFERS_STRING_CATALOGS = YES;
				MTL_ENABLE_DEBUG_INFO = INCLUDE_SOURCE;
				MTL_FAST_MATH = YES;
				ONLY_ACTIVE_ARCH = YES;
				SDKROOT = iphoneos;
				SWIFT_ACTIVE_COMPILATION_CONDITIONS = "DEBUG $(inherited)";
				SWIFT_OPTIMIZATION_LEVEL = "-Onone";
			};
			name = Debug;
		};
		AD6DA6032F7CDA8D00C09B12 /* Release */ = {
			isa = XCBuildConfiguration;
			buildSettings = {
				ALWAYS_SEARCH_USER_PATHS = NO;
				ASSETCATALOG_COMPILER_GENERATE_SWIFT_ASSET_SYMBOL_EXTENSIONS = YES;
				CLANG_ANALYZER_NONNULL = YES;
				CLANG_ANALYZER_NUMBER_OBJECT_CONVERSION = YES_AGGRESSIVE;
				CLANG_CXX_LANGUAGE_STANDARD = "gnu++20";
				CLANG_ENABLE_MODULES = YES;
				CLANG_ENABLE_OBJC_ARC = YES;
				CLANG_ENABLE_OBJC_WEAK = YES;
				CLANG_WARN_BLOCK_CAPTURE_AUTORELEASING = YES;
				CLANG_WARN_BOOL_CONVERSION = YES;
				CLANG_WARN_COMMA = YES;
				CLANG_WARN_CONSTANT_CONVERSION = YES;
				CLANG_WARN_DEPRECATED_OBJC_IMPLEMENTATIONS = YES;
				CLANG_WARN_DIRECT_OBJC_ISA_USAGE = YES_ERROR;
				CLANG_WARN_DOCUMENTATION_COMMENTS = YES;
				CLANG_WARN_EMPTY_BODY = YES;
				CLANG_WARN_ENUM_CONVERSION = YES;
				CLANG_WARN_INFINITE_RECURSION = YES;
				CLANG_WARN_INT_CONVERSION = YES;
				CLANG_WARN_NON_LITERAL_NULL_CONVERSION = YES;
				CLANG_WARN_OBJC_IMPLICIT_RETAIN_SELF = YES;
				CLANG_WARN_OBJC_LITERAL_CONVERSION = YES;
				CLANG_WARN_OBJC_ROOT_CLASS = YES_ERROR;
				CLANG_WARN_QUOTED_INCLUDE_IN_FRAMEWORK_HEADER = YES;
				CLANG_WARN_RANGE_LOOP_ANALYSIS = YES;
				CLANG_WARN_STRICT_PROTOTYPES = YES;
				CLANG_WARN_SUSPICIOUS_MOVE = YES;
				CLANG_WARN_UNGUARDED_AVAILABILITY = YES_AGGRESSIVE;
				CLANG_WARN_UNREACHABLE_CODE = YES;
				CLANG_WARN__DUPLICATE_METHOD_MATCH = YES;
				COPY_PHASE_STRIP = NO;
				DEBUG_INFORMATION_FORMAT = "dwarf-with-dsym";
				DEVELOPMENT_TEAM = 4WX75BP838;
				ENABLE_NS_ASSERTIONS = NO;
				ENABLE_STRICT_OBJC_MSGSEND = YES;
				ENABLE_USER_SCRIPT_SANDBOXING = YES;
				GCC_C_LANGUAGE_STANDARD = gnu17;
				GCC_NO_COMMON_BLOCKS = YES;
				GCC_WARN_64_TO_32_BIT_CONVERSION = YES;
				GCC_WARN_ABOUT_RETURN_TYPE = YES_ERROR;
				GCC_WARN_UNDECLARED_SELECTOR = YES;
				GCC_WARN_UNINITIALIZED_AUTOS = YES_AGGRESSIVE;
				GCC_WARN_UNUSED_FUNCTION = YES;
				GCC_WARN_UNUSED_VARIABLE = YES;
				IPHONEOS_DEPLOYMENT_TARGET = 26.2;
				LOCALIZATION_PREFERS_STRING_CATALOGS = YES;
				MTL_ENABLE_DEBUG_INFO = NO;
				MTL_FAST_MATH = YES;
				SDKROOT = iphoneos;
				SWIFT_COMPILATION_MODE = wholemodule;
				VALIDATE_PRODUCT = YES;
			};
			name = Release;
		};
		AD6DA6052F7CDA8D00C09B12 /* Debug */ = {
			isa = XCBuildConfiguration;
			buildSettings = {
				ASSETCATALOG_COMPILER_APPICON_NAME = AppIcon;
				ASSETCATALOG_COMPILER_GLOBAL_ACCENT_COLOR_NAME = AccentColor;
				CODE_SIGN_STYLE = Automatic;
				CURRENT_PROJECT_VERSION = 1;
				DEVELOPMENT_TEAM = 4WX75BP838;
				ENABLE_PREVIEWS = YES;
				GENERATE_INFOPLIST_FILE = YES;
				INFOPLIST_KEY_UIApplicationSceneManifest_Generation = YES;
				INFOPLIST_KEY_UIApplicationSupportsIndirectInputEvents = YES;
				INFOPLIST_KEY_UILaunchScreen_Generation = YES;
				INFOPLIST_KEY_UISupportedInterfaceOrientations_iPad = "UIInterfaceOrientationPortrait UIInterfaceOrientationPortraitUpsideDown UIInterfaceOrientationLandscapeLeft UIInterfaceOrientationLandscapeRight";
				INFOPLIST_KEY_UISupportedInterfaceOrientations_iPhone = "UIInterfaceOrientationPortrait UIInterfaceOrientationLandscapeLeft UIInterfaceOrientationLandscapeRight";
				LD_RUNPATH_SEARCH_PATHS = (
					"$(inherited)",
					"@executable_path/Frameworks",
				);
				MARKETING_VERSION = 1.0;
				PRODUCT_BUNDLE_IDENTIFIER = com.MovieListingApp.MovieListingApp;
				PRODUCT_NAME = "$(TARGET_NAME)";
				STRING_CATALOG_GENERATE_SYMBOLS = YES;
				SWIFT_APPROACHABLE_CONCURRENCY = YES;
				SWIFT_DEFAULT_ACTOR_ISOLATION = MainActor;
				SWIFT_EMIT_LOC_STRINGS = YES;
				SWIFT_UPCOMING_FEATURE_MEMBER_IMPORT_VISIBILITY = YES;
				SWIFT_VERSION = 5.0;
				TARGETED_DEVICE_FAMILY = "1,2";
			};
			name = Debug;
		};
		AD6DA6062F7CDA8D00C09B12 /* Release */ = {
			isa = XCBuildConfiguration;
			buildSettings = {
				ASSETCATALOG_COMPILER_APPICON_NAME = AppIcon;
				ASSETCATALOG_COMPILER_GLOBAL_ACCENT_COLOR_NAME = AccentColor;
				CODE_SIGN_STYLE = Automatic;
				CURRENT_PROJECT_VERSION = 1;
				DEVELOPMENT_TEAM = 4WX75BP838;
				ENABLE_PREVIEWS = YES;
				GENERATE_INFOPLIST_FILE = YES;
				INFOPLIST_KEY_UIApplicationSceneManifest_Generation = YES;
				INFOPLIST_KEY_UIApplicationSupportsIndirectInputEvents = YES;
				INFOPLIST_KEY_UILaunchScreen_Generation = YES;
				INFOPLIST_KEY_UISupportedInterfaceOrientations_iPad = "UIInterfaceOrientationPortrait UIInterfaceOrientationPortraitUpsideDown UIInterfaceOrientationLandscapeLeft UIInterfaceOrientationLandscapeRight";
				INFOPLIST_KEY_UISupportedInterfaceOrientations_iPhone = "UIInterfaceOrientationPortrait UIInterfaceOrientationLandscapeLeft UIInterfaceOrientationLandscapeRight";
				LD_RUNPATH_SEARCH_PATHS = (
					"$(inherited)",
					"@executable_path/Frameworks",
				);
				MARKETING_VERSION = 1.0;
				PRODUCT_BUNDLE_IDENTIFIER = com.MovieListingApp.MovieListingApp;
				PRODUCT_NAME = "$(TARGET_NAME)";
				STRING_CATALOG_GENERATE_SYMBOLS = YES;
				SWIFT_APPROACHABLE_CONCURRENCY = YES;
				SWIFT_DEFAULT_ACTOR_ISOLATION = MainActor;
				SWIFT_EMIT_LOC_STRINGS = YES;
				SWIFT_UPCOMING_FEATURE_MEMBER_IMPORT_VISIBILITY = YES;
				SWIFT_VERSION = 5.0;
				TARGETED_DEVICE_FAMILY = "1,2";
			};
			name = Release;
		};
		AD6DA6082F7CDA8D00C09B12 /* Debug */ = {
			isa = XCBuildConfiguration;
			buildSettings = {
				BUNDLE_LOADER = "$(TEST_HOST)";
				CODE_SIGN_STYLE = Automatic;
				CURRENT_PROJECT_VERSION = 1;
				DEVELOPMENT_TEAM = 4WX75BP838;
				GENERATE_INFOPLIST_FILE = YES;
				IPHONEOS_DEPLOYMENT_TARGET = 26.2;
				MARKETING_VERSION = 1.0;
				PRODUCT_BUNDLE_IDENTIFIER = com.MovieListingApp.MovieListingAppTests;
				PRODUCT_NAME = "$(TARGET_NAME)";
				STRING_CATALOG_GENERATE_SYMBOLS = NO;
				SWIFT_APPROACHABLE_CONCURRENCY = YES;
				SWIFT_EMIT_LOC_STRINGS = NO;
				SWIFT_UPCOMING_FEATURE_MEMBER_IMPORT_VISIBILITY = YES;
				SWIFT_VERSION = 5.0;
				TARGETED_DEVICE_FAMILY = "1,2";
				TEST_HOST = "$(BUILT_PRODUCTS_DIR)/MovieListingApp.app/$(BUNDLE_EXECUTABLE_FOLDER_PATH)/MovieListingApp";
			};
			name = Debug;
		};
		AD6DA6092F7CDA8D00C09B12 /* Release */ = {
			isa = XCBuildConfiguration;
			buildSettings = {
				BUNDLE_LOADER = "$(TEST_HOST)";
				CODE_SIGN_STYLE = Automatic;
				CURRENT_PROJECT_VERSION = 1;
				DEVELOPMENT_TEAM = 4WX75BP838;
				GENERATE_INFOPLIST_FILE = YES;
				IPHONEOS_DEPLOYMENT_TARGET = 26.2;
				MARKETING_VERSION = 1.0;
				PRODUCT_BUNDLE_IDENTIFIER = com.MovieListingApp.MovieListingAppTests;
				PRODUCT_NAME = "$(TARGET_NAME)";
				STRING_CATALOG_GENERATE_SYMBOLS = NO;
				SWIFT_APPROACHABLE_CONCURRENCY = YES;
				SWIFT_EMIT_LOC_STRINGS = NO;
				SWIFT_UPCOMING_FEATURE_MEMBER_IMPORT_VISIBILITY = YES;
				SWIFT_VERSION = 5.0;
				TARGETED_DEVICE_FAMILY = "1,2";
				TEST_HOST = "$(BUILT_PRODUCTS_DIR)/MovieListingApp.app/$(BUNDLE_EXECUTABLE_FOLDER_PATH)/MovieListingApp";
			};
			name = Release;
		};
		AD6DA60B2F7CDA8D00C09B12 /* Debug */ = {
			isa = XCBuildConfiguration;
			buildSettings = {
				CODE_SIGN_STYLE = Automatic;
				CURRENT_PROJECT_VERSION = 1;
				DEVELOPMENT_TEAM = 4WX75BP838;
				GENERATE_INFOPLIST_FILE = YES;
				MARKETING_VERSION = 1.0;
				PRODUCT_BUNDLE_IDENTIFIER = com.MovieListingApp.MovieListingAppUITests;
				PRODUCT_NAME = "$(TARGET_NAME)";
				STRING_CATALOG_GENERATE_SYMBOLS = NO;
				SWIFT_APPROACHABLE_CONCURRENCY = YES;
				SWIFT_EMIT_LOC_STRINGS = NO;
				SWIFT_UPCOMING_FEATURE_MEMBER_IMPORT_VISIBILITY = YES;
				SWIFT_VERSION = 5.0;
				TARGETED_DEVICE_FAMILY = "1,2";
				TEST_TARGET_NAME = MovieListingApp;
			};
			name = Debug;
		};
		AD6DA60C2F7CDA8D00C09B12 /* Release */ = {
			isa = XCBuildConfiguration;
			buildSettings = {
				CODE_SIGN_STYLE = Automatic;
				CURRENT_PROJECT_VERSION = 1;
				DEVELOPMENT_TEAM = 4WX75BP838;
				GENERATE_INFOPLIST_FILE = YES;
				MARKETING_VERSION = 1.0;
				PRODUCT_BUNDLE_IDENTIFIER = com.MovieListingApp.MovieListingAppUITests;
				PRODUCT_NAME = "$(TARGET_NAME)";
				STRING_CATALOG_GENERATE_SYMBOLS = NO;
				SWIFT_APPROACHABLE_CONCURRENCY = YES;
				SWIFT_EMIT_LOC_STRINGS = NO;
				SWIFT_UPCOMING_FEATURE_MEMBER_IMPORT_VISIBILITY = YES;
				SWIFT_VERSION = 5.0;
				TARGETED_DEVICE_FAMILY = "1,2";
				TEST_TARGET_NAME = MovieListingApp;
			};
			name = Release;
		};
/* End XCBuildConfiguration section */

/* Begin XCConfigurationList section */
		AD6DA5DC2F7CDA8A00C09B12 /* Build configuration list for PBXProject "MovieListingApp" */ = {
			isa = XCConfigurationList;
			buildConfigurations = (
				AD6DA6022F7CDA8D00C09B12 /* Debug */,
				AD6DA6032F7CDA8D00C09B12 /* Release */,
			);
			defaultConfigurationIsVisible = 0;
			defaultConfigurationName = Release;
		};
		AD6DA6042F7CDA8D00C09B12 /* Build configuration list for PBXNativeTarget "MovieListingApp" */ = {
			isa = XCConfigurationList;
			buildConfigurations = (
				AD6DA6052F7CDA8D00C09B12 /* Debug */,
				AD6DA6062F7CDA8D00C09B12 /* Release */,
			);
			defaultConfigurationIsVisible = 0;
			defaultConfigurationName = Release;
		};
		AD6DA6072F7CDA8D00C09B12 /* Build configuration list for PBXNativeTarget "MovieListingAppTests" */ = {
			isa = XCConfigurationList;
			buildConfigurations = (
				AD6DA6082F7CDA8D00C09B12 /* Debug */,
				AD6DA6092F7CDA8D00C09B12 /* Release */,
			);
			defaultConfigurationIsVisible = 0;
			defaultConfigurationName = Release;
		};
		AD6DA60A2F7CDA8D00C09B12 /* Build configuration list for PBXNativeTarget "MovieListingAppUITests" */ = {
			isa = XCConfigurationList;
			buildConfigurations = (
				AD6DA60B2F7CDA8D00C09B12 /* Debug */,
				AD6DA60C2F7CDA8D00C09B12 /* Release */,
			);
			defaultConfigurationIsVisible = 0;
			defaultConfigurationName = Release;
		};
/* End XCConfigurationList section */
	};
	rootObject = AD6DA5D92F7CDA8A00C09B12 /* Project object */;
}
